<?xml version="1.0" encoding="utf-8"?>
<Project ToolsVersion="4.0" xmlns="http://schemas.microsoft.com/developer/msbuild/2003">
  <ItemGroup>
    <Filter Include="Source Files">
      <UniqueIdentifier>{4FC737F1-C7A5-4376-A066-2A32D752A2FF}</UniqueIdentifier>
      <Extensions>cpp;c;cc;cxx;c++;cppm;ixx;def;odl;idl;hpj;bat;asm;asmx</Extensions>
    </Filter>
    <Filter Include="Header Files">
      <UniqueIdentifier>{93995380-89BD-4b04-88EB-625FBE52EBFB}</UniqueIdentifier>
      <Extensions>h;hh;hpp;hxx;h++;hm;inl;inc;ipp;xsd</Extensions>
    </Filter>
    <Filter Include="Resource Files">
      <UniqueIdentifier>{67DA6AB6-F800-4c08-8B7A-83BB121AAD01}</UniqueIdentifier>
      <Extensions>rc;ico;cur;bmp;dlg;rc2;rct;bin;rgs;gif;jpg;jpeg;jpe;resx;tiff;tif;png;wav;mfcribbon-ms</Extensions>
    </Filter>
  </ItemGroup>
  <ItemGroup>
    <ClCompile Include="WIU NYP Project.cpp">
      <Filter>Source Files</Filter>
    </ClCompile>
    <ClCompile Include="Menu.cpp">
      <Filter>Source Files</Filter>
    </ClCompile>
    <ClCompile Include="Level.cpp">
      <Filter>Source Files</Filter>
    </ClCompile>
    <ClCompile Include="Level1.cpp">
      <Filter>Source Files</Filter>
    </ClCompile>
    <ClCompile Include="Player.cpp">
      <Filter>Source Files</Filter>
    </ClCompile>
    <ClCompile Include="Story.cpp">
      <Filter>Source Files</Filter>
    </ClCompile>
    <ClCompile Include="DelayedText.cpp">
      <Filter>Source Files</Filter>
    </ClCompile>
    <ClCompile Include="WaiZhengClock.cpp">
      <Filter>Source Files</Filter>
    </ClCompile>
    <ClCompile Include="WaiZhengRNG.cpp">
      <Filter>Source Files</Filter>
    </ClCompile>
    <ClCompile Include="WaynePos.cpp">
      <Filter>Source Files</Filter>
    </ClCompile>
    <ClCompile Include="WayneGO.cpp">
      <Filter>Source Files</Filter>
    </ClCompile>
    <ClCompile Include="WayneKey.cpp">
      <Filter>Source Files</Filter>
    </ClCompile>
    <ClCompile Include="WayneWeapon.cpp">
      <Filter>Source Files</Filter>
    </ClCompile>
    <ClCompile Include="WayneEnemy.cpp">
      <Filter>Source Files</Filter>
    </ClCompile>
    <ClCompile Include="WayneCure.cpp">
      <Filter>Source Files</Filter>
    </ClCompile>
    <ClCompile Include="HuiEnCheck.cpp">
      <Filter>Source Files</Filter>
    </ClCompile>
    <ClCompile Include="HuiEnIT.cpp">
      <Filter>Source Files</Filter>
    </ClCompile>
    <ClCompile Include="HuiEnRS.cpp">
      <Filter>Source Files</Filter>
    </ClCompile>
    <ClCompile Include="EzenRLGL.cpp">
      <Filter>Source Files</Filter>
    </ClCompile>
    <ClCompile Include="WaiZhengStruggle.cpp">
      <Filter>Source Files</Filter>
    </ClCompile>
  </ItemGroup>
  <ItemGroup>
    <ClInclude Include="Menu.h">
      <Filter>Header Files</Filter>
    </ClInclude>
    <ClInclude Include="Level.h">
      <Filter>Header Files</Filter>
    </ClInclude>
    <ClInclude Include="Level1.h">
      <Filter>Header Files</Filter>
    </ClInclude>
    <ClInclude Include="Player.h">
      <Filter>Header Files</Filter>
    </ClInclude>
    <ClInclude Include="Story.h">
      <Filter>Header Files</Filter>
    </ClInclude>
    <ClInclude Include="DelayedText.h">
      <Filter>Header Files</Filter>
    </ClInclude>
    <ClInclude Include="WaiZhengClock.h">
      <Filter>Header Files</Filter>
    </ClInclude>
    <ClInclude Include="WaiZhengRNG.h">
      <Filter>Header Files</Filter>
    </ClInclude>
    <ClInclude Include="WaynePos.h">
      <Filter>Header Files</Filter>
    </ClInclude>
    <ClInclude Include="WayneGO.h">
      <Filter>Header Files</Filter>
    </ClInclude>
    <ClInclude Include="WayneKey.h">
      <Filter>Header Files</Filter>
    </ClInclude>
    <ClInclude Include="WayneWeapon.h">
      <Filter>Header Files</Filter>
    </ClInclude>
    <ClInclude Include="WayneEnemy.h">
      <Filter>Header Files</Filter>
    </ClInclude>
    <ClInclude Include="WayneCure.h">
      <Filter>Header Files</Filter>
    </ClInclude>
    <ClInclude Include="HuiEnCheck.h">
      <Filter>Header Files</Filter>
    </ClInclude>
    <ClInclude Include="HuiEnIT.h">
      <Filter>Header Files</Filter>
    </ClInclude>
    <ClInclude Include="HuiEnRS.h">
      <Filter>Header Files</Filter>
    </ClInclude>
    <ClInclude Include="EzenRLGL.h">
      <Filter>Header Files</Filter>
    </ClInclude>
    <ClInclude Include="WaiZhengStruggle.h">
      <Filter>Header Files</Filter>
    </ClInclude>
  </ItemGroup>
</Project>