
Microsoft Visual Studio Solution File, Format Version 12.00
# Visual Studio Version 17
VisualStudioVersion = 17.10.35122.118
MinimumVisualStudioVersion = 10.0.40219.1
Project("{8BC9CEB8-8B4A-11D0-8D11-00A0C91BC942}") = "stealth", "stealth.vcxproj", "{8F047481-E9E3-40B6-9011-A9A2B2DBF39E}"
EndProject
Global
	GlobalSection(SolutionConfigurationPlatforms) = preSolution
		Debug|x64 = Debug|x64
		Debug|x86 = Debug|x86
		Release|x64 = Release|x64
		Release|x86 = Release|x86
	EndGlobalSection
	GlobalSection(ProjectConfigurationPlatforms) = postSolution
		{8F047481-E9E3-40B6-9011-A9A2B2DBF39E}.Debug|x64.ActiveCfg = Debug|x64
		{8F047481-E9E3-40B6-9011-A9A2B2DBF39E}.Debug|x64.Build.0 = Debug|x64
		{8F047481-E9E3-40B6-9011-A9A2B2DBF39E}.Debug|x86.ActiveCfg = Debug|Win32
		{8F047481-E9E3-40B6-9011-A9A2B2DBF39E}.Debug|x86.Build.0 = Debug|Win32
		{8F047481-E9E3-40B6-9011-A9A2B2DBF39E}.Release|x64.ActiveCfg = Release|x64
		{8F047481-E9E3-40B6-9011-A9A2B2DBF39E}.Release|x64.Build.0 = Release|x64
		{8F047481-E9E3-40B6-9011-A9A2B2DBF39E}.Release|x86.ActiveCfg = Release|Win32
		{8F047481-E9E3-40B6-9011-A9A2B2DBF39E}.Release|x86.Build.0 = Release|Win32
	EndGlobalSection
	GlobalSection(SolutionProperties) = preSolution
		HideSolutionNode = FALSE
	EndGlobalSection
	GlobalSection(ExtensibilityGlobals) = postSolution
		SolutionGuid = {C1D00382-521B-49FF-B7E2-BA6A40BD5285}
	EndGlobalSection
EndGlobal
